
Microsoft Visual Studio Solution File, Format Version 12.00
# Visual Studio Version 17
VisualStudioVersion = 17.10.35013.160
MinimumVisualStudioVersion = 10.0.40219.1
Project("{FAE04EC0-301F-11D3-BF4B-00C04F79EFBC}") = "ControlesEjercicio1", "ControlesEjercicio1\ControlesEjercicio1.csproj", "{DAC6A6A9-A882-4F2B-8A34-48303AB95EE3}"
EndProject
Project("{FAE04EC0-301F-11D3-BF4B-00C04F79EFBC}") = "ModalEjercicio1", "ModalEjercicio1\ModalEjercicio1.csproj", "{38D0A3BF-DC56-4337-929F-213EA852C897}"
EndProject
Project("{FAE04EC0-301F-11D3-BF4B-00C04F79EFBC}") = "VectoresEjercicio1", "VectoresEjercicio1\VectoresEjercicio1.csproj", "{0A89D104-3D9B-4AC7-8D92-AC6B5F6D4813}"
EndProject
Project("{FAE04EC0-301F-11D3-BF4B-00C04F79EFBC}") = "ModalEjercicio2", "ModalEjercicio2\ModalEjercicio2.csproj", "{F6776BF8-7A9B-4519-A4EE-64864C07B87D}"
EndProject
Project("{FAE04EC0-301F-11D3-BF4B-00C04F79EFBC}") = "VectoresEjercicio2", "VectoresEjercicio2\VectoresEjercicio2.csproj", "{A92936CF-15A3-4A61-8948-196F120CBDDC}"
EndProject
Global
	GlobalSection(SolutionConfigurationPlatforms) = preSolution
		Debug|Any CPU = Debug|Any CPU
		Release|Any CPU = Release|Any CPU
	EndGlobalSection
	GlobalSection(ProjectConfigurationPlatforms) = postSolution
		{DAC6A6A9-A882-4F2B-8A34-48303AB95EE3}.Debug|Any CPU.ActiveCfg = Debug|Any CPU
		{DAC6A6A9-A882-4F2B-8A34-48303AB95EE3}.Debug|Any CPU.Build.0 = Debug|Any CPU
		{DAC6A6A9-A882-4F2B-8A34-48303AB95EE3}.Release|Any CPU.ActiveCfg = Release|Any CPU
		{DAC6A6A9-A882-4F2B-8A34-48303AB95EE3}.Release|Any CPU.Build.0 = Release|Any CPU
		{38D0A3BF-DC56-4337-929F-213EA852C897}.Debug|Any CPU.ActiveCfg = Debug|Any CPU
		{38D0A3BF-DC56-4337-929F-213EA852C897}.Debug|Any CPU.Build.0 = Debug|Any CPU
		{38D0A3BF-DC56-4337-929F-213EA852C897}.Release|Any CPU.ActiveCfg = Release|Any CPU
		{38D0A3BF-DC56-4337-929F-213EA852C897}.Release|Any CPU.Build.0 = Release|Any CPU
		{0A89D104-3D9B-4AC7-8D92-AC6B5F6D4813}.Debug|Any CPU.ActiveCfg = Debug|Any CPU
		{0A89D104-3D9B-4AC7-8D92-AC6B5F6D4813}.Debug|Any CPU.Build.0 = Debug|Any CPU
		{0A89D104-3D9B-4AC7-8D92-AC6B5F6D4813}.Release|Any CPU.ActiveCfg = Release|Any CPU
		{0A89D104-3D9B-4AC7-8D92-AC6B5F6D4813}.Release|Any CPU.Build.0 = Release|Any CPU
		{F6776BF8-7A9B-4519-A4EE-64864C07B87D}.Debug|Any CPU.ActiveCfg = Debug|Any CPU
		{F6776BF8-7A9B-4519-A4EE-64864C07B87D}.Debug|Any CPU.Build.0 = Debug|Any CPU
		{F6776BF8-7A9B-4519-A4EE-64864C07B87D}.Release|Any CPU.ActiveCfg = Release|Any CPU
		{F6776BF8-7A9B-4519-A4EE-64864C07B87D}.Release|Any CPU.Build.0 = Release|Any CPU
		{A92936CF-15A3-4A61-8948-196F120CBDDC}.Debug|Any CPU.ActiveCfg = Debug|Any CPU
		{A92936CF-15A3-4A61-8948-196F120CBDDC}.Debug|Any CPU.Build.0 = Debug|Any CPU
		{A92936CF-15A3-4A61-8948-196F120CBDDC}.Release|Any CPU.ActiveCfg = Release|Any CPU
		{A92936CF-15A3-4A61-8948-196F120CBDDC}.Release|Any CPU.Build.0 = Release|Any CPU
	EndGlobalSection
	GlobalSection(SolutionProperties) = preSolution
		HideSolutionNode = FALSE
	EndGlobalSection
	GlobalSection(ExtensibilityGlobals) = postSolution
		SolutionGuid = {FD3D9705-5170-4C7B-BBA5-DC1B70A8867E}
	EndGlobalSection
EndGlobal
